
Microsoft Visual Studio Solution File, Format Version 12.00
# Visual Studio Version 16
VisualStudioVersion = 16.0.29613.14
MinimumVisualStudioVersion = 10.0.40219.1
Project("{FAE04EC0-301F-11D3-BF4B-00C04F79EFBC}") = "hw_7", "hw_7\hw_7.csproj", "{98C56AF5-702B-4DDC-96E9-0BAE883FE9BB}"
EndProject
Global
	GlobalSection(SolutionConfigurationPlatforms) = preSolution
		Debug|Any CPU = Debug|Any CPU
		Release|Any CPU = Release|Any CPU
	EndGlobalSection
	GlobalSection(ProjectConfigurationPlatforms) = postSolution
		{98C56AF5-702B-4DDC-96E9-0BAE883FE9BB}.Debug|Any CPU.ActiveCfg = Debug|Any CPU
		{98C56AF5-702B-4DDC-96E9-0BAE883FE9BB}.Debug|Any CPU.Build.0 = Debug|Any CPU
		{98C56AF5-702B-4DDC-96E9-0BAE883FE9BB}.Release|Any CPU.ActiveCfg = Release|Any CPU
		{98C56AF5-702B-4DDC-96E9-0BAE883FE9BB}.Release|Any CPU.Build.0 = Release|Any CPU
	EndGlobalSection
	GlobalSection(SolutionProperties) = preSolution
		HideSolutionNode = FALSE
	EndGlobalSection
	GlobalSection(ExtensibilityGlobals) = postSolution
		SolutionGuid = {F7A80F9B-2E4D-4714-ADA8-D20323D87989}
	EndGlobalSection
EndGlobal
