
Microsoft Visual Studio Solution File, Format Version 12.00
Project("{FAE04EC0-301F-11D3-BF4B-00C04F79EFBC}") = "Task1", "Task1\Task1.csproj", "{EE80D258-55A9-4917-900A-5AACE47AA7D7}"
EndProject
Project("{FAE04EC0-301F-11D3-BF4B-00C04F79EFBC}") = "Task_Error_Routing_Auth", "Task_Error_Routing_Auth\Task_Error_Routing_Auth.csproj", "{E1BF0614-AD59-4E69-A77B-02F4B4C79C16}"
EndProject
Project("{FAE04EC0-301F-11D3-BF4B-00C04F79EFBC}") = "Task_files", "Task_files\Task_files.csproj", "{F24EE0EA-04EC-493F-AF4D-00E0B0362B30}"
EndProject
Project("{FAE04EC0-301F-11D3-BF4B-00C04F79EFBC}") = "Task_IMessage", "Task_IMessage\Task_IMessage.csproj", "{FCFE3B02-B279-4A73-BC44-8066D3F3C1E3}"
EndProject
Project("{FAE04EC0-301F-11D3-BF4B-00C04F79EFBC}") = "App1", "App1\App1.csproj", "{47C3B42C-CD51-4EDE-A755-1DF2373A2B11}"
EndProject
Global
	GlobalSection(SolutionConfigurationPlatforms) = preSolution
		Debug|Any CPU = Debug|Any CPU
		Release|Any CPU = Release|Any CPU
	EndGlobalSection
	GlobalSection(ProjectConfigurationPlatforms) = postSolution
		{EE80D258-55A9-4917-900A-5AACE47AA7D7}.Debug|Any CPU.ActiveCfg = Debug|Any CPU
		{EE80D258-55A9-4917-900A-5AACE47AA7D7}.Debug|Any CPU.Build.0 = Debug|Any CPU
		{EE80D258-55A9-4917-900A-5AACE47AA7D7}.Release|Any CPU.ActiveCfg = Release|Any CPU
		{EE80D258-55A9-4917-900A-5AACE47AA7D7}.Release|Any CPU.Build.0 = Release|Any CPU
		{E1BF0614-AD59-4E69-A77B-02F4B4C79C16}.Debug|Any CPU.ActiveCfg = Debug|Any CPU
		{E1BF0614-AD59-4E69-A77B-02F4B4C79C16}.Debug|Any CPU.Build.0 = Debug|Any CPU
		{E1BF0614-AD59-4E69-A77B-02F4B4C79C16}.Release|Any CPU.ActiveCfg = Release|Any CPU
		{E1BF0614-AD59-4E69-A77B-02F4B4C79C16}.Release|Any CPU.Build.0 = Release|Any CPU
		{F24EE0EA-04EC-493F-AF4D-00E0B0362B30}.Debug|Any CPU.ActiveCfg = Debug|Any CPU
		{F24EE0EA-04EC-493F-AF4D-00E0B0362B30}.Debug|Any CPU.Build.0 = Debug|Any CPU
		{F24EE0EA-04EC-493F-AF4D-00E0B0362B30}.Release|Any CPU.ActiveCfg = Release|Any CPU
		{F24EE0EA-04EC-493F-AF4D-00E0B0362B30}.Release|Any CPU.Build.0 = Release|Any CPU
		{FCFE3B02-B279-4A73-BC44-8066D3F3C1E3}.Debug|Any CPU.ActiveCfg = Debug|Any CPU
		{FCFE3B02-B279-4A73-BC44-8066D3F3C1E3}.Debug|Any CPU.Build.0 = Debug|Any CPU
		{FCFE3B02-B279-4A73-BC44-8066D3F3C1E3}.Release|Any CPU.ActiveCfg = Release|Any CPU
		{FCFE3B02-B279-4A73-BC44-8066D3F3C1E3}.Release|Any CPU.Build.0 = Release|Any CPU
		{47C3B42C-CD51-4EDE-A755-1DF2373A2B11}.Debug|Any CPU.ActiveCfg = Debug|Any CPU
		{47C3B42C-CD51-4EDE-A755-1DF2373A2B11}.Debug|Any CPU.Build.0 = Debug|Any CPU
		{47C3B42C-CD51-4EDE-A755-1DF2373A2B11}.Release|Any CPU.ActiveCfg = Release|Any CPU
		{47C3B42C-CD51-4EDE-A755-1DF2373A2B11}.Release|Any CPU.Build.0 = Release|Any CPU
	EndGlobalSection
EndGlobal
